// !$*UTF8*$!
{
	archiveVersion = 1;
	classes = {
	};
	objectVersion = 46;
	objects = {

/* Begin PBXBuildFile section */
		2336BBE31E248422005056B5 /* main.m in Sources */ = {isa = PBXBuildFile; fileRef = 2336BBE21E248422005056B5 /* main.m */; };
		2336BBE61E248422005056B5 /* AppDelegate.m in Sources */ = {isa = PBXBuildFile; fileRef = 2336BBE51E248422005056B5 /* AppDelegate.m */; };
		2336BBE91E248422005056B5 /* ViewController.m in Sources */ = {isa = PBXBuildFile; fileRef = 2336BBE81E248422005056B5 /* ViewController.m */; };
		2336BBEC1E248422005056B5 /* Main.storyboard in Resources */ = {isa = PBXBuildFile; fileRef = 2336BBEA1E248422005056B5 /* Main.storyboard */; };
		2336BBEE1E248422005056B5 /* Assets.xcassets in Resources */ = {isa = PBXBuildFile; fileRef = 2336BBED1E248422005056B5 /* Assets.xcassets */; };
		2336BBF11E248422005056B5 /* LaunchScreen.storyboard in Resources */ = {isa = PBXBuildFile; fileRef = 2336BBEF1E248422005056B5 /* LaunchScreen.storyboard */; };
		237939971E24AA020016907C /* FirstViewController.m in Sources */ = {isa = PBXBuildFile; fileRef = 237939961E24AA020016907C /* FirstViewController.m */; };
		23C6B2231E24A79D007CD0A1 /* 刷新@2x.png in Resources */ = {isa = PBXBuildFile; fileRef = 23C6B2211E24A79D007CD0A1 /* 刷新@2x.png */; };
		23C6B2241E24A79D007CD0A1 /* 刷新@3x.png in Resources */ = {isa = PBXBuildFile; fileRef = 23C6B2221E24A79D007CD0A1 /* 刷新@3x.png */; };
/* End PBXBuildFile section */

/* Begin PBXFileReference section */
		2336BBDE1E248422005056B5 /* RotationAnimationDemo.app */ = {isa = PBXFileReference; explicitFileType = wrapper.application; includeInIndex = 0; path = RotationAnimationDemo.app; sourceTree = BUILT_PRODUCTS_DIR; };
		2336BBE21E248422005056B5 /* main.m */ = {isa = PBXFileReference; lastKnownFileType = sourcecode.c.objc; path = main.m; sourceTree = "<group>"; };
		2336BBE41E248422005056B5 /* AppDelegate.h */ = {isa = PBXFileReference; lastKnownFileType = sourcecode.c.h; path = AppDelegate.h; sourceTree = "<group>"; };
		2336BBE51E248422005056B5 /* AppDelegate.m */ = {isa = PBXFileReference; lastKnownFileType = sourcecode.c.objc; path = AppDelegate.m; sourceTree = "<group>"; };
		2336BBE71E248422005056B5 /* ViewController.h */ = {isa = PBXFileReference; lastKnownFileType = sourcecode.c.h; path = ViewController.h; sourceTree = "<group>"; };
		2336BBE81E248422005056B5 /* ViewController.m */ = {isa = PBXFileReference; lastKnownFileType = sourcecode.c.objc; path = ViewController.m; sourceTree = "<group>"; };
		2336BBEB1E248422005056B5 /* Base */ = {isa = PBXFileReference; lastKnownFileType = file.storyboard; name = Base; path = Base.lproj/Main.storyboard; sourceTree = "<group>"; };
		2336BBED1E248422005056B5 /* Assets.xcassets */ = {isa = PBXFileReference; lastKnownFileType = folder.assetcatalog; path = Assets.xcassets; sourceTree = "<group>"; };
		2336BBF01E248422005056B5 /* Base */ = {isa = PBXFileReference; lastKnownFileType = file.storyboard; name = Base; path = Base.lproj/LaunchScreen.storyboard; sourceTree = "<group>"; };
		2336BBF21E248422005056B5 /* Info.plist */ = {isa = PBXFileReference; lastKnownFileType = text.plist.xml; path = Info.plist; sourceTree = "<group>"; };
		237939951E24AA020016907C /* FirstViewController.h */ = {isa = PBXFileReference; fileEncoding = 4; lastKnownFileType = sourcecode.c.h; path = FirstViewController.h; sourceTree = "<group>"; };
		237939961E24AA020016907C /* FirstViewController.m */ = {isa = PBXFileReference; fileEncoding = 4; lastKnownFileType = sourcecode.c.objc; path = FirstViewController.m; sourceTree = "<group>"; };
		23C6B2211E24A79D007CD0A1 /* 刷新@2x.png */ = {isa = PBXFileReference; lastKnownFileType = image.png; path = "刷新@2x.png"; sourceTree = "<group>"; };
		23C6B2221E24A79D007CD0A1 /* 刷新@3x.png */ = {isa = PBXFileReference; lastKnownFileType = image.png; path = "刷新@3x.png"; sourceTree = "<group>"; };
/* End PBXFileReference section */

/* Begin PBXFrameworksBuildPhase section */
		2336BBDB1E248422005056B5 /* Frameworks */ = {
			isa = PBXFrameworksBuildPhase;
			buildActionMask = 2147483647;
			files = (
			);
			runOnlyForDeploymentPostprocessing = 0;
		};
/* End PBXFrameworksBuildPhase section */

/* Begin PBXGroup section */
		2336BBD51E248421005056B5 = {
			isa = PBXGroup;
			children = (
				2336BBE01E248422005056B5 /* RotationAnimationDemo */,
				2336BBDF1E248422005056B5 /* Products */,
			);
			sourceTree = "<group>";
		};
		2336BBDF1E248422005056B5 /* Products */ = {
			isa = PBXGroup;
			children = (
				2336BBDE1E248422005056B5 /* RotationAnimationDemo.app */,
			);
			name = Products;
			sourceTree = "<group>";
		};
		2336BBE01E248422005056B5 /* RotationAnimationDemo */ = {
			isa = PBXGroup;
			children = (
				23C6B2211E24A79D007CD0A1 /* 刷新@2x.png */,
				23C6B2221E24A79D007CD0A1 /* 刷新@3x.png */,
				2336BBE41E248422005056B5 /* AppDelegate.h */,
				2336BBE51E248422005056B5 /* AppDelegate.m */,
				2336BBE71E248422005056B5 /* ViewController.h */,
				2336BBE81E248422005056B5 /* ViewController.m */,
				237939951E24AA020016907C /* FirstViewController.h */,
				237939961E24AA020016907C /* FirstViewController.m */,
				2336BBEA1E248422005056B5 /* Main.storyboard */,
				2336BBED1E248422005056B5 /* Assets.xcassets */,
				2336BBEF1E248422005056B5 /* LaunchScreen.storyboard */,
				2336BBF21E248422005056B5 /* Info.plist */,
				2336BBE11E248422005056B5 /* Supporting Files */,
			);
			path = RotationAnimationDemo;
			sourceTree = "<group>";
		};
		2336BBE11E248422005056B5 /* Supporting Files */ = {
			isa = PBXGroup;
			children = (
				2336BBE21E248422005056B5 /* main.m */,
			);
			name = "Supporting Files";
			sourceTree = "<group>";
		};
/* End PBXGroup section */

/* Begin PBXNativeTarget section */
		2336BBDD1E248422005056B5 /* RotationAnimationDemo */ = {
			isa = PBXNativeTarget;
			buildConfigurationList = 2336BBF51E248422005056B5 /* Build configuration list for PBXNativeTarget "RotationAnimationDemo" */;
			buildPhases = (
				2336BBDA1E248422005056B5 /* Sources */,
				2336BBDB1E248422005056B5 /* Frameworks */,
				2336BBDC1E248422005056B5 /* Resources */,
			);
			buildRules = (
			);
			dependencies = (
			);
			name = RotationAnimationDemo;
			productName = RotationAnimationDemo;
			productReference = 2336BBDE1E248422005056B5 /* RotationAnimationDemo.app */;
			productType = "com.apple.product-type.application";
		};
/* End PBXNativeTarget section */

/* Begin PBXProject section */
		2336BBD61E248421005056B5 /* Project object */ = {
			isa = PBXProject;
			attributes = {
				LastUpgradeCheck = 0810;
				ORGANIZATIONNAME = "赵扬扬";
				TargetAttributes = {
					2336BBDD1E248422005056B5 = {
						CreatedOnToolsVersion = 8.1;
						DevelopmentTeam = VB6M4S6PGL;
						ProvisioningStyle = Automatic;
					};
				};
			};
			buildConfigurationList = 2336BBD91E248421005056B5 /* Build configuration list for PBXProject "RotationAnimationDemo" */;
			compatibilityVersion = "Xcode 3.2";
			developmentRegion = English;
			hasScannedForEncodings = 0;
			knownRegions = (
				en,
				Base,
			);
			mainGroup = 2336BBD51E248421005056B5;
			productRefGroup = 2336BBDF1E248422005056B5 /* Products */;
			projectDirPath = "";
			projectRoot = "";
			targets = (
				2336BBDD1E248422005056B5 /* RotationAnimationDemo */,
			);
		};
/* End PBXProject section */

/* Begin PBXResourcesBuildPhase section */
		2336BBDC1E248422005056B5 /* Resources */ = {
			isa = PBXResourcesBuildPhase;
			buildActionMask = 2147483647;
			files = (
				2336BBF11E248422005056B5 /* LaunchScreen.storyboard in Resources */,
				23C6B2231E24A79D007CD0A1 /* 刷新@2x.png in Resources */,
				2336BBEE1E248422005056B5 /* Assets.xcassets in Resources */,
				23C6B2241E24A79D007CD0A1 /* 刷新@3x.png in Resources */,
				2336BBEC1E248422005056B5 /* Main.storyboard in Resources */,
			);
			runOnlyForDeploymentPostprocessing = 0;
		};
/* End PBXResourcesBuildPhase section */

/* Begin PBXSourcesBuildPhase section */
		2336BBDA1E248422005056B5 /* Sources */ = {
			isa = PBXSourcesBuildPhase;
			buildActionMask = 2147483647;
			files = (
				2336BBE91E248422005056B5 /* ViewController.m in Sources */,
				2336BBE61E248422005056B5 /* AppDelegate.m in Sources */,
				2336BBE31E248422005056B5 /* main.m in Sources */,
				237939971E24AA020016907C /* FirstViewController.m in Sources */,
			);
			runOnlyForDeploymentPostprocessing = 0;
		};
/* End PBXSourcesBuildPhase section */

/* Begin PBXVariantGroup section */
		2336BBEA1E248422005056B5 /* Main.storyboard */ = {
			isa = PBXVariantGroup;
			children = (
				2336BBEB1E248422005056B5 /* Base */,
			);
			name = Main.storyboard;
			sourceTree = "<group>";
		};
		2336BBEF1E248422005056B5 /* LaunchScreen.storyboard */ = {
			isa = PBXVariantGroup;
			children = (
				2336BBF01E248422005056B5 /* Base */,
			);
			name = LaunchScreen.storyboard;
			sourceTree = "<group>";
		};
/* End PBXVariantGroup section */

/* Begin XCBuildConfiguration section */
		2336BBF31E248422005056B5 /* Debug */ = {
			isa = XCBuildConfiguration;
			buildSettings = {
				ALWAYS_SEARCH_USER_PATHS = NO;
				CLANG_ANALYZER_NONNULL = YES;
				CLANG_CXX_LANGUAGE_STANDARD = "gnu++0x";
				CLANG_CXX_LIBRARY = "libc++";
				CLANG_ENABLE_MODULES = YES;
				CLANG_ENABLE_OBJC_ARC = YES;
				CLANG_WARN_BOOL_CONVERSION = YES;
				CLANG_WARN_CONSTANT_CONVERSION = YES;
				CLANG_WARN_DIRECT_OBJC_ISA_USAGE = YES_ERROR;
				CLANG_WARN_DOCUMENTATION_COMMENTS = YES;
				CLANG_WARN_EMPTY_BODY = YES;
				CLANG_WARN_ENUM_CONVERSION = YES;
				CLANG_WARN_INFINITE_RECURSION = YES;
				CLANG_WARN_INT_CONVERSION = YES;
				CLANG_WARN_OBJC_ROOT_CLASS = YES_ERROR;
				CLANG_WARN_SUSPICIOUS_MOVES = YES;
				CLANG_WARN_UNREACHABLE_CODE = YES;
				CLANG_WARN__DUPLICATE_METHOD_MATCH = YES;
				"CODE_SIGN_IDENTITY[sdk=iphoneos*]" = "iPhone Developer";
				COPY_PHASE_STRIP = NO;
				DEBUG_INFORMATION_FORMAT = dwarf;
				ENABLE_STRICT_OBJC_MSGSEND = YES;
				ENABLE_TESTABILITY = YES;
				GCC_C_LANGUAGE_STANDARD = gnu99;
				GCC_DYNAMIC_NO_PIC = NO;
				GCC_NO_COMMON_BLOCKS = YES;
				GCC_OPTIMIZATION_LEVEL = 0;
				GCC_PREPROCESSOR_DEFINITIONS = (
					"DEBUG=1",
					"$(inherited)",
				);
				GCC_WARN_64_TO_32_BIT_CONVERSION = YES;
				GCC_WARN_ABOUT_RETURN_TYPE = YES_ERROR;
				GCC_WARN_UNDECLARED_SELECTOR = YES;
				GCC_WARN_UNINITIALIZED_AUTOS = YES_AGGRESSIVE;
				GCC_WARN_UNUSED_FUNCTION = YES;
				GCC_WARN_UNUSED_VARIABLE = YES;
				IPHONEOS_DEPLOYMENT_TARGET = 10.1;
				MTL_ENABLE_DEBUG_INFO = YES;
				ONLY_ACTIVE_ARCH = YES;
				SDKROOT = iphoneos;
				TARGETED_DEVICE_FAMILY = "1,2";
			};
			name = Debug;
		};
		2336BBF41E248422005056B5 /* Release */ = {
			isa = XCBuildConfiguration;
			buildSettings = {
				ALWAYS_SEARCH_USER_PATHS = NO;
				CLANG_ANALYZER_NONNULL = YES;
				CLANG_CXX_LANGUAGE_STANDARD = "gnu++0x";
				CLANG_CXX_LIBRARY = "libc++";
				CLANG_ENABLE_MODULES = YES;
				CLANG_ENABLE_OBJC_ARC = YES;
				CLANG_WARN_BOOL_CONVERSION = YES;
				CLANG_WARN_CONSTANT_CONVERSION = YES;
				CLANG_WARN_DIRECT_OBJC_ISA_USAGE = YES_ERROR;
				CLANG_WARN_DOCUMENTATION_COMMENTS = YES;
				CLANG_WARN_EMPTY_BODY = YES;
				CLANG_WARN_ENUM_CONVERSION = YES;
				CLANG_WARN_INFINITE_RECURSION = YES;
				CLANG_WARN_INT_CONVERSION = YES;
				CLANG_WARN_OBJC_ROOT_CLASS = YES_ERROR;
				CLANG_WARN_SUSPICIOUS_MOVES = YES;
				CLANG_WARN_UNREACHABLE_CODE = YES;
				CLANG_WARN__DUPLICATE_METHOD_MATCH = YES;
				"CODE_SIGN_IDENTITY[sdk=iphoneos*]" = "iPhone Developer";
				COPY_PHASE_STRIP = NO;
				DEBUG_INFORMATION_FORMAT = "dwarf-with-dsym";
				ENABLE_NS_ASSERTIONS = NO;
				ENABLE_STRICT_OBJC_MSGSEND = YES;
				GCC_C_LANGUAGE_STANDARD = gnu99;
				GCC_NO_COMMON_BLOCKS = YES;
				GCC_WARN_64_TO_32_BIT_CONVERSION = YES;
				GCC_WARN_ABOUT_RETURN_TYPE = YES_ERROR;
				GCC_WARN_UNDECLARED_SELECTOR = YES;
				GCC_WARN_UNINITIALIZED_AUTOS = YES_AGGRESSIVE;
				GCC_WARN_UNUSED_FUNCTION = YES;
				GCC_WARN_UNUSED_VARIABLE = YES;
				IPHONEOS_DEPLOYMENT_TARGET = 10.1;
				MTL_ENABLE_DEBUG_INFO = NO;
				SDKROOT = iphoneos;
				TARGETED_DEVICE_FAMILY = "1,2";
				VALIDATE_PRODUCT = YES;
			};
			name = Release;
		};
		2336BBF61E248422005056B5 /* Debug */ = {
			isa = XCBuildConfiguration;
			buildSettings = {
				ASSETCATALOG_COMPILER_APPICON_NAME = AppIcon;
				DEVELOPMENT_TEAM = VB6M4S6PGL;
				INFOPLIST_FILE = RotationAnimationDemo/Info.plist;
				LD_RUNPATH_SEARCH_PATHS = "$(inherited) @executable_path/Frameworks";
				PRODUCT_BUNDLE_IDENTIFIER = "---.RotationAnimationDemo";
				PRODUCT_NAME = "$(TARGET_NAME)";
			};
			name = Debug;
		};
		2336BBF71E248422005056B5 /* Release */ = {
			isa = XCBuildConfiguration;
			buildSettings = {
				ASSETCATALOG_COMPILER_APPICON_NAME = AppIcon;
				DEVELOPMENT_TEAM = VB6M4S6PGL;
				INFOPLIST_FILE = RotationAnimationDemo/Info.plist;
				LD_RUNPATH_SEARCH_PATHS = "$(inherited) @executable_path/Frameworks";
				PRODUCT_BUNDLE_IDENTIFIER = "---.RotationAnimationDemo";
				PRODUCT_NAME = "$(TARGET_NAME)";
			};
			name = Release;
		};
/* End XCBuildConfiguration section */

/* Begin XCConfigurationList section */
		2336BBD91E248421005056B5 /* Build configuration list for PBXProject "RotationAnimationDemo" */ = {
			isa = XCConfigurationList;
			buildConfigurations = (
				2336BBF31E248422005056B5 /* Debug */,
				2336BBF41E248422005056B5 /* Release */,
			);
			defaultConfigurationIsVisible = 0;
			defaultConfigurationName = Release;
		};
		2336BBF51E248422005056B5 /* Build configuration list for PBXNativeTarget "RotationAnimationDemo" */ = {
			isa = XCConfigurationList;
			buildConfigurations = (
				2336BBF61E248422005056B5 /* Debug */,
				2336BBF71E248422005056B5 /* Release */,
			);
			defaultConfigurationIsVisible = 0;
			defaultConfigurationName = Release;
		};
/* End XCConfigurationList section */
	};
	rootObject = 2336BBD61E248421005056B5 /* Project object */;
}
